{
  "version": 4,
  "terraform_version": "1.10.4",
  "serial": 2,
  "lineage": "90e09f1d-cdfb-9864-a027-5272a201835c",
  "outputs": {
    "gateway_ipv4": {
      "value": "",
      "type": "string"
    },
    "numeric_id": {
      "value": "8950202456216874922",
      "type": "string"
    },
    "self_link": {
      "value": "https://www.googleapis.com/compute/v1/projects/slovink-hyperscaler/global/networks/app-test-vpc",
      "type": "string"
    },
    "vpc_id": {
      "value": "projects/slovink-hyperscaler/global/networks/app-test-vpc",
      "type": "string"
    },
    "vpc_name": {
      "value": "app-test-vpc",
      "type": "string"
    }
  },
  "resources": [
    {
      "module": "module.vpc",
      "mode": "data",
      "type": "google_client_config",
      "name": "current",
      "provider": "provider[\"registry.terraform.io/hashicorp/google\"]",
      "instances": [
        {
          "schema_version": 0,
          "attributes": {
            "access_token": "ya29.a0AZYkNZgA8ocmLysezM4Th-1kUQREjhNncTxOcEYFfdJy6bQZi9ygcsHDcsBx6gQibmqSMsziJUzX2MQKJyfjIZG62owhA5XPcIbK1iZNBdWW3Tp6c7KrfTCD3EuPL___ZSWPfuxRXnqPeFd4-zWwHG8PyOoaJpK9dDqQhkILhAaCgYKATESARASFQHGX2Mi8vDCnroI_2bCxAR2YWhtRg0177",
            "id": "projects/\"slovink-hyperscaler\"/regions/\"asia-northeast1\"/zones/\"asia-northeast1-a\"",
            "project": "slovink-hyperscaler",
            "region": "asia-northeast1",
            "zone": "asia-northeast1-a"
          },
          "sensitive_attributes": [
            [
              {
                "type": "get_attr",
                "value": "access_token"
              }
            ]
          ]
        }
      ]
    },
    {
      "module": "module.vpc",
      "mode": "managed",
      "type": "google_compute_network",
      "name": "vpc",
      "provider": "provider[\"registry.terraform.io/hashicorp/google\"]",
      "instances": [
        {
          "index_key": 0,
          "schema_version": 0,
          "attributes": {
            "auto_create_subnetworks": false,
            "delete_default_routes_on_create": true,
            "description": "",
            "enable_ula_internal_ipv6": false,
            "gateway_ipv4": "",
            "id": "projects/slovink-hyperscaler/global/networks/app-test-vpc",
            "internal_ipv6_range": "",
            "mtu": 1460,
            "name": "app-test-vpc",
            "network_firewall_policy_enforcement_order": "AFTER_CLASSIC_FIREWALL",
            "numeric_id": "8950202456216874922",
            "project": "slovink-hyperscaler",
            "routing_mode": "REGIONAL",
            "self_link": "https://www.googleapis.com/compute/v1/projects/slovink-hyperscaler/global/networks/app-test-vpc",
            "timeouts": null
          },
          "sensitive_attributes": [],
          "private": "eyJlMmJmYjczMC1lY2FhLTExZTYtOGY4OC0zNDM2M2JjN2M0YzAiOnsiY3JlYXRlIjoxMjAwMDAwMDAwMDAwLCJkZWxldGUiOjEyMDAwMDAwMDAwMDAsInVwZGF0ZSI6MTIwMDAwMDAwMDAwMH19",
          "dependencies": [
            "module.vpc.data.google_client_config.current"
          ]
        }
      ]
    }
  ],
  "check_results": null
}
